
Microsoft Visual Studio Solution File, Format Version 12.00
# Visual Studio Version 16
VisualStudioVersion = 16.0.29102.190
MinimumVisualStudioVersion = 10.0.40219.1
Project("{FAE04EC0-301F-11D3-BF4B-00C04F79EFBC}") = "Tasks", "Tasks.csproj", "{AE0C1235-0CA7-4B02-A6C9-33552194CFB9}"
EndProject
Global
	GlobalSection(SolutionConfigurationPlatforms) = preSolution
		Debug|Any CPU = Debug|Any CPU
		Release|Any CPU = Release|Any CPU
	EndGlobalSection
	GlobalSection(ProjectConfigurationPlatforms) = postSolution
		{AE0C1235-0CA7-4B02-A6C9-33552194CFB9}.Debug|Any CPU.ActiveCfg = Debug|Any CPU
		{AE0C1235-0CA7-4B02-A6C9-33552194CFB9}.Debug|Any CPU.Build.0 = Debug|Any CPU
		{AE0C1235-0CA7-4B02-A6C9-33552194CFB9}.Release|Any CPU.ActiveCfg = Release|Any CPU
		{AE0C1235-0CA7-4B02-A6C9-33552194CFB9}.Release|Any CPU.Build.0 = Release|Any CPU
	EndGlobalSection
	GlobalSection(SolutionProperties) = preSolution
		HideSolutionNode = FALSE
	EndGlobalSection
	GlobalSection(ExtensibilityGlobals) = postSolution
		SolutionGuid = {D2B6B272-0680-4812-B025-18ED07EC0198}
	EndGlobalSection
EndGlobal
